
Microsoft Visual Studio Solution File, Format Version 12.00
# Visual Studio Version 17
VisualStudioVersion = 17.4.33213.308
MinimumVisualStudioVersion = 10.0.40219.1
Project("{FAE04EC0-301F-11D3-BF4B-00C04F79EFBC}") = "Holoquan", "Holoquan\Holoquan.csproj", "{3359B6DC-0ECA-4D91-A6A5-E935A536C842}"
EndProject
Global
	GlobalSection(SolutionConfigurationPlatforms) = preSolution
		Debug|Any CPU = Debug|Any CPU
		Release|Any CPU = Release|Any CPU
	EndGlobalSection
	GlobalSection(ProjectConfigurationPlatforms) = postSolution
		{3359B6DC-0ECA-4D91-A6A5-E935A536C842}.Debug|Any CPU.ActiveCfg = Debug|Any CPU
		{3359B6DC-0ECA-4D91-A6A5-E935A536C842}.Debug|Any CPU.Build.0 = Debug|Any CPU
		{3359B6DC-0ECA-4D91-A6A5-E935A536C842}.Release|Any CPU.ActiveCfg = Release|Any CPU
		{3359B6DC-0ECA-4D91-A6A5-E935A536C842}.Release|Any CPU.Build.0 = Release|Any CPU
	EndGlobalSection
	GlobalSection(SolutionProperties) = preSolution
		HideSolutionNode = FALSE
	EndGlobalSection
	GlobalSection(ExtensibilityGlobals) = postSolution
		SolutionGuid = {958962EB-6F90-49BC-B9EA-C93670EE4E8B}
	EndGlobalSection
EndGlobal
